
Microsoft Visual Studio Solution File, Format Version 12.00
# Visual Studio 15
VisualStudioVersion = 15.0.26430.6
MinimumVisualStudioVersion = 10.0.40219.1
Project("{FAE04EC0-301F-11D3-BF4B-00C04F79EFBC}") = "Blokus", "Blokus\Blokus.csproj", "{44EB322E-865B-4221-A0CB-DA3D47E3D79D}"
EndProject
Project("{FAE04EC0-301F-11D3-BF4B-00C04F79EFBC}") = "Main", "Main\Main.csproj", "{072B102D-E59B-4262-A278-C70253D502A8}"
EndProject
Global
	GlobalSection(SolutionConfigurationPlatforms) = preSolution
		Debug|Any CPU = Debug|Any CPU
		Release|Any CPU = Release|Any CPU
	EndGlobalSection
	GlobalSection(ProjectConfigurationPlatforms) = postSolution
		{44EB322E-865B-4221-A0CB-DA3D47E3D79D}.Debug|Any CPU.ActiveCfg = Debug|Any CPU
		{44EB322E-865B-4221-A0CB-DA3D47E3D79D}.Debug|Any CPU.Build.0 = Debug|Any CPU
		{44EB322E-865B-4221-A0CB-DA3D47E3D79D}.Release|Any CPU.ActiveCfg = Release|Any CPU
		{44EB322E-865B-4221-A0CB-DA3D47E3D79D}.Release|Any CPU.Build.0 = Release|Any CPU
		{072B102D-E59B-4262-A278-C70253D502A8}.Debug|Any CPU.ActiveCfg = Debug|Any CPU
		{072B102D-E59B-4262-A278-C70253D502A8}.Debug|Any CPU.Build.0 = Debug|Any CPU
		{072B102D-E59B-4262-A278-C70253D502A8}.Release|Any CPU.ActiveCfg = Release|Any CPU
		{072B102D-E59B-4262-A278-C70253D502A8}.Release|Any CPU.Build.0 = Release|Any CPU
	EndGlobalSection
	GlobalSection(SolutionProperties) = preSolution
		HideSolutionNode = FALSE
	EndGlobalSection
EndGlobal
